
Microsoft Visual Studio Solution File, Format Version 12.00
# Visual Studio 15
VisualStudioVersion = 15.0.26124.0
MinimumVisualStudioVersion = 15.0.26124.0
Project("{FAE04EC0-301F-11D3-BF4B-00C04F79EFBC}") = "BlazorServerCRUD.Web", "BlazorServerCRUD.Web\BlazorServerCRUD.Web.csproj", "{89D8392E-4C08-4852-A972-388BBDA98703}"
EndProject
Project("{FAE04EC0-301F-11D3-BF4B-00C04F79EFBC}") = "BlazorServerCRUD.Models", "BlazorServerCRUD.Models\BlazorServerCRUD.Models.csproj", "{7373C9B2-30F9-4E75-819A-222C36335646}"
EndProject
Project("{FAE04EC0-301F-11D3-BF4B-00C04F79EFBC}") = "BlazorServerCRUD.Api", "BlazorServerCRUD.Api\BlazorServerCRUD.Api.csproj", "{30666DA4-E52F-461E-AA5F-07A8FF276134}"
EndProject
Global
	GlobalSection(SolutionConfigurationPlatforms) = preSolution
		Debug|Any CPU = Debug|Any CPU
		Debug|x64 = Debug|x64
		Debug|x86 = Debug|x86
		Release|Any CPU = Release|Any CPU
		Release|x64 = Release|x64
		Release|x86 = Release|x86
	EndGlobalSection
	GlobalSection(SolutionProperties) = preSolution
		HideSolutionNode = FALSE
	EndGlobalSection
	GlobalSection(ProjectConfigurationPlatforms) = postSolution
		{89D8392E-4C08-4852-A972-388BBDA98703}.Debug|Any CPU.ActiveCfg = Debug|Any CPU
		{89D8392E-4C08-4852-A972-388BBDA98703}.Debug|Any CPU.Build.0 = Debug|Any CPU
		{89D8392E-4C08-4852-A972-388BBDA98703}.Debug|x64.ActiveCfg = Debug|Any CPU
		{89D8392E-4C08-4852-A972-388BBDA98703}.Debug|x64.Build.0 = Debug|Any CPU
		{89D8392E-4C08-4852-A972-388BBDA98703}.Debug|x86.ActiveCfg = Debug|Any CPU
		{89D8392E-4C08-4852-A972-388BBDA98703}.Debug|x86.Build.0 = Debug|Any CPU
		{89D8392E-4C08-4852-A972-388BBDA98703}.Release|Any CPU.ActiveCfg = Release|Any CPU
		{89D8392E-4C08-4852-A972-388BBDA98703}.Release|Any CPU.Build.0 = Release|Any CPU
		{89D8392E-4C08-4852-A972-388BBDA98703}.Release|x64.ActiveCfg = Release|Any CPU
		{89D8392E-4C08-4852-A972-388BBDA98703}.Release|x64.Build.0 = Release|Any CPU
		{89D8392E-4C08-4852-A972-388BBDA98703}.Release|x86.ActiveCfg = Release|Any CPU
		{89D8392E-4C08-4852-A972-388BBDA98703}.Release|x86.Build.0 = Release|Any CPU
		{7373C9B2-30F9-4E75-819A-222C36335646}.Debug|Any CPU.ActiveCfg = Debug|Any CPU
		{7373C9B2-30F9-4E75-819A-222C36335646}.Debug|Any CPU.Build.0 = Debug|Any CPU
		{7373C9B2-30F9-4E75-819A-222C36335646}.Debug|x64.ActiveCfg = Debug|Any CPU
		{7373C9B2-30F9-4E75-819A-222C36335646}.Debug|x64.Build.0 = Debug|Any CPU
		{7373C9B2-30F9-4E75-819A-222C36335646}.Debug|x86.ActiveCfg = Debug|Any CPU
		{7373C9B2-30F9-4E75-819A-222C36335646}.Debug|x86.Build.0 = Debug|Any CPU
		{7373C9B2-30F9-4E75-819A-222C36335646}.Release|Any CPU.ActiveCfg = Release|Any CPU
		{7373C9B2-30F9-4E75-819A-222C36335646}.Release|Any CPU.Build.0 = Release|Any CPU
		{7373C9B2-30F9-4E75-819A-222C36335646}.Release|x64.ActiveCfg = Release|Any CPU
		{7373C9B2-30F9-4E75-819A-222C36335646}.Release|x64.Build.0 = Release|Any CPU
		{7373C9B2-30F9-4E75-819A-222C36335646}.Release|x86.ActiveCfg = Release|Any CPU
		{7373C9B2-30F9-4E75-819A-222C36335646}.Release|x86.Build.0 = Release|Any CPU
		{30666DA4-E52F-461E-AA5F-07A8FF276134}.Debug|Any CPU.ActiveCfg = Debug|Any CPU
		{30666DA4-E52F-461E-AA5F-07A8FF276134}.Debug|Any CPU.Build.0 = Debug|Any CPU
		{30666DA4-E52F-461E-AA5F-07A8FF276134}.Debug|x64.ActiveCfg = Debug|Any CPU
		{30666DA4-E52F-461E-AA5F-07A8FF276134}.Debug|x64.Build.0 = Debug|Any CPU
		{30666DA4-E52F-461E-AA5F-07A8FF276134}.Debug|x86.ActiveCfg = Debug|Any CPU
		{30666DA4-E52F-461E-AA5F-07A8FF276134}.Debug|x86.Build.0 = Debug|Any CPU
		{30666DA4-E52F-461E-AA5F-07A8FF276134}.Release|Any CPU.ActiveCfg = Release|Any CPU
		{30666DA4-E52F-461E-AA5F-07A8FF276134}.Release|Any CPU.Build.0 = Release|Any CPU
		{30666DA4-E52F-461E-AA5F-07A8FF276134}.Release|x64.ActiveCfg = Release|Any CPU
		{30666DA4-E52F-461E-AA5F-07A8FF276134}.Release|x64.Build.0 = Release|Any CPU
		{30666DA4-E52F-461E-AA5F-07A8FF276134}.Release|x86.ActiveCfg = Release|Any CPU
		{30666DA4-E52F-461E-AA5F-07A8FF276134}.Release|x86.Build.0 = Release|Any CPU
	EndGlobalSection
EndGlobal
